dependencies:
  espressif/esp-modbus:
    dependencies: []
    source:
      path: C:\Users\cliente\Desktop\Python\triptalabs-heat-controller\components\espressif__esp-modbus
      type: local
    version: 1.0.17
  espressif/esp_lcd_touch:
    dependencies: []
    source:
      path: C:\Users\cliente\Desktop\Python\triptalabs-heat-controller\components\espressif__esp_lcd_touch
      type: local
    version: 1.1.2
  espressif/esp_lcd_touch_gt911:
    dependencies: []
    source:
      path: C:\Users\cliente\Desktop\Python\triptalabs-heat-controller\components\espressif__esp_lcd_touch_gt911
      type: local
    version: 1.1.1~1
  idf:
    source:
      type: idf
    version: 5.3.1
  lvgl/lvgl:
    dependencies: []
    source:
      path: C:\Users\cliente\Desktop\Python\triptalabs-heat-controller\components\lvgl__lvgl
      type: local
    version: 8.4.0
direct_dependencies:
- espressif/esp-modbus
- espressif/esp_lcd_touch
- espressif/esp_lcd_touch_gt911
- idf
- lvgl/lvgl
manifest_hash: 8c4e80119da605b707987306dfdbf70c59a727e825786ade9a68a76adc42d5f3
target: esp32s3
version: 2.0.0
