dependencies:
  espressif/esp-modbus:
    component_hash: e42ebfdfc9d8e46821a915b4c1a5c6465c44dbd4e1bca10531e26f4adc7acc42
    dependencies:
    - name: idf
      require: private
      version: '>=4.3'
    source:
      registry_url: https://components.espressif.com/
      type: service
    version: 1.0.17
  espressif/esp_lcd_touch:
    dependencies: []
    source:
      path: C:\Users\cliente\Desktop\Python\triptalabs-heat-controller\components\espressif__esp_lcd_touch
      type: local
    version: 1.1.2
  espressif/esp_lcd_touch_gt911:
    dependencies: []
    source:
      path: C:\Users\cliente\Desktop\Python\triptalabs-heat-controller\components\espressif__esp_lcd_touch_gt911
      type: local
    version: 1.1.1~1
  idf:
    source:
      type: idf
    version: 5.3.1
  lvgl/lvgl:
    dependencies: []
    source:
      path: C:\Users\cliente\Desktop\Python\triptalabs-heat-controller\components\lvgl__lvgl
      type: local
    version: 8.4.0
direct_dependencies:
- espressif/esp-modbus
- espressif/esp_lcd_touch
- espressif/esp_lcd_touch_gt911
- idf
- lvgl/lvgl
manifest_hash: 0e4ad55b231958b6f340ab6f7e320b1206a772cc971658b880321047289b4507
target: esp32s3
version: 2.0.0
